
Microsoft Visual Studio Solution File, Format Version 12.00
# Visual Studio Version 17
VisualStudioVersion = 17.8.34330.188
MinimumVisualStudioVersion = 10.0.40219.1
Project("{FAE04EC0-301F-11D3-BF4B-00C04F79EFBC}") = "TaskNest", "TaskNest\TaskNest.csproj", "{B9DC55B9-57B8-4EE3-BB5E-E4AD75A23E0E}"
EndProject
Global
	GlobalSection(SolutionConfigurationPlatforms) = preSolution
		Debug|Any CPU = Debug|Any CPU
		Release|Any CPU = Release|Any CPU
	EndGlobalSection
	GlobalSection(ProjectConfigurationPlatforms) = postSolution
		{B9DC55B9-57B8-4EE3-BB5E-E4AD75A23E0E}.Debug|Any CPU.ActiveCfg = Debug|Any CPU
		{B9DC55B9-57B8-4EE3-BB5E-E4AD75A23E0E}.Debug|Any CPU.Build.0 = Debug|Any CPU
		{B9DC55B9-57B8-4EE3-BB5E-E4AD75A23E0E}.Release|Any CPU.ActiveCfg = Release|Any CPU
		{B9DC55B9-57B8-4EE3-BB5E-E4AD75A23E0E}.Release|Any CPU.Build.0 = Release|Any CPU
	EndGlobalSection
	GlobalSection(SolutionProperties) = preSolution
		HideSolutionNode = FALSE
	EndGlobalSection
	GlobalSection(ExtensibilityGlobals) = postSolution
		SolutionGuid = {113C91FF-D16F-44B1-850B-C95CACF3A203}
	EndGlobalSection
EndGlobal
